
Microsoft Visual Studio Solution File, Format Version 12.00
# Visual Studio 2015
Project("{FAE04EC0-301F-11D3-BF4B-00C04F79EFBC}") = "Klasicheskiq PMGeec", "Klasicheskiq PMGeec.csproj", "{96AA8BAC-456D-1F1B-7EE4-A240549E2451}"
EndProject
Global
	GlobalSection(SolutionConfigurationPlatforms) = preSolution
		Debug|Any CPU = Debug|Any CPU
		Release|Any CPU = Release|Any CPU
	EndGlobalSection
	GlobalSection(ProjectConfigurationPlatforms) = postSolution
		{96AA8BAC-456D-1F1B-7EE4-A240549E2451}.Debug|Any CPU.ActiveCfg = Debug|Any CPU
		{96AA8BAC-456D-1F1B-7EE4-A240549E2451}.Debug|Any CPU.Build.0 = Debug|Any CPU
		{96AA8BAC-456D-1F1B-7EE4-A240549E2451}.Release|Any CPU.ActiveCfg = Release|Any CPU
		{96AA8BAC-456D-1F1B-7EE4-A240549E2451}.Release|Any CPU.Build.0 = Release|Any CPU
	EndGlobalSection
	GlobalSection(SolutionProperties) = preSolution
		HideSolutionNode = FALSE
	EndGlobalSection
EndGlobal
